
Microsoft Visual Studio Solution File, Format Version 12.00
# Visual Studio Version 17
VisualStudioVersion = 17.0.31903.59
MinimumVisualStudioVersion = 10.0.40219.1
Project("{2150E333-8FDC-42A3-9474-1A3956D46DE8}") = "src", "src", "{05DF8415-A32F-4072-897D-CE1ABB04CA95}"
EndProject
Project("{FAE04EC0-301F-11D3-BF4B-00C04F79EFBC}") = "Ivren.Core", "src\Ivren.Core\Ivren.Core.csproj", "{04692097-DEBD-49D4-ACCE-544FA0EE93F9}"
EndProject
Project("{FAE04EC0-301F-11D3-BF4B-00C04F79EFBC}") = "Ivren.WinForms", "src\Ivren.WinForms\Ivren.WinForms.csproj", "{7FD6ED25-DA6A-4FA2-9077-814D5A0061BF}"
EndProject
Global
	GlobalSection(SolutionConfigurationPlatforms) = preSolution
		Debug|Any CPU = Debug|Any CPU
		Release|Any CPU = Release|Any CPU
	EndGlobalSection
	GlobalSection(SolutionProperties) = preSolution
		HideSolutionNode = FALSE
	EndGlobalSection
	GlobalSection(ProjectConfigurationPlatforms) = postSolution
		{04692097-DEBD-49D4-ACCE-544FA0EE93F9}.Debug|Any CPU.ActiveCfg = Debug|Any CPU
		{04692097-DEBD-49D4-ACCE-544FA0EE93F9}.Debug|Any CPU.Build.0 = Debug|Any CPU
		{04692097-DEBD-49D4-ACCE-544FA0EE93F9}.Release|Any CPU.ActiveCfg = Release|Any CPU
		{04692097-DEBD-49D4-ACCE-544FA0EE93F9}.Release|Any CPU.Build.0 = Release|Any CPU
		{7FD6ED25-DA6A-4FA2-9077-814D5A0061BF}.Debug|Any CPU.ActiveCfg = Debug|Any CPU
		{7FD6ED25-DA6A-4FA2-9077-814D5A0061BF}.Debug|Any CPU.Build.0 = Debug|Any CPU
		{7FD6ED25-DA6A-4FA2-9077-814D5A0061BF}.Release|Any CPU.ActiveCfg = Release|Any CPU
		{7FD6ED25-DA6A-4FA2-9077-814D5A0061BF}.Release|Any CPU.Build.0 = Release|Any CPU
	EndGlobalSection
	GlobalSection(NestedProjects) = preSolution
		{04692097-DEBD-49D4-ACCE-544FA0EE93F9} = {05DF8415-A32F-4072-897D-CE1ABB04CA95}
		{7FD6ED25-DA6A-4FA2-9077-814D5A0061BF} = {05DF8415-A32F-4072-897D-CE1ABB04CA95}
	EndGlobalSection
EndGlobal
